// !$*UTF8*$!
{
	archiveVersion = 1;
	classes = {
	};
	objectVersion = 50;
	objects = {

/* Begin PBXBuildFile section */
		5F287D99243CF31000197A85 /* Sphere_(Shaded).png in Resources */ = {isa = PBXBuildFile; fileRef = 5F287D98243CF31000197A85 /* Sphere_(Shaded).png */; };
		5F287D9D243CF93500197A85 /* LaunchScreen.storyboard in Resources */ = {isa = PBXBuildFile; fileRef = 5F287D9C243CF93500197A85 /* LaunchScreen.storyboard */; };
		724051612434D5B50020D98E /* SpheroController.swift in Sources */ = {isa = PBXBuildFile; fileRef = 724051602434D5B50020D98E /* SpheroController.swift */; };
		724F7AF4242BBD8000AC94AB /* TutorialView.swift in Sources */ = {isa = PBXBuildFile; fileRef = 724F7AF3242BBD8000AC94AB /* TutorialView.swift */; };
		724F7AF6242BC63700AC94AB /* MainBodyView.swift in Sources */ = {isa = PBXBuildFile; fileRef = 724F7AF5242BC63700AC94AB /* MainBodyView.swift */; };
		7258EC8E2408B9FE004DC42C /* BlockRow.swift in Sources */ = {isa = PBXBuildFile; fileRef = 7258EC8D2408B9FD004DC42C /* BlockRow.swift */; };
		7258EC912408C5E0004DC42C /* blockData.json in Resources */ = {isa = PBXBuildFile; fileRef = 7258EC902408C5E0004DC42C /* blockData.json */; };
		7258EC932408D3AB004DC42C /* Block.swift in Sources */ = {isa = PBXBuildFile; fileRef = 7258EC922408D3AB004DC42C /* Block.swift */; };
		7258EC962408D75B004DC42C /* Data.swift in Sources */ = {isa = PBXBuildFile; fileRef = 7258EC952408D75B004DC42C /* Data.swift */; };
		72C26B06242E773E00298C2E /* PickerImage.swift in Sources */ = {isa = PBXBuildFile; fileRef = 72C26B05242E773E00298C2E /* PickerImage.swift */; };
		72C98B91243E26EC003FD55B /* bad-sound.mp3 in Resources */ = {isa = PBXBuildFile; fileRef = 72C98B90243E26EC003FD55B /* bad-sound.mp3 */; };
		72C98B93243E272F003FD55B /* PlaySound.swift in Sources */ = {isa = PBXBuildFile; fileRef = 72C98B92243E272F003FD55B /* PlaySound.swift */; };
		72C98B95243E2F54003FD55B /* good-sound.mp3 in Resources */ = {isa = PBXBuildFile; fileRef = 72C98B94243E2F54003FD55B /* good-sound.mp3 */; };
		72C98B97243E454F003FD55B /* MazesView.swift in Sources */ = {isa = PBXBuildFile; fileRef = 72C98B96243E454F003FD55B /* MazesView.swift */; };
		72DE4BEF240703D30075DBB6 /* AppDelegate.swift in Sources */ = {isa = PBXBuildFile; fileRef = 72DE4BEE240703D30075DBB6 /* AppDelegate.swift */; };
		72DE4BF1240703D30075DBB6 /* SceneDelegate.swift in Sources */ = {isa = PBXBuildFile; fileRef = 72DE4BF0240703D30075DBB6 /* SceneDelegate.swift */; };
		72DE4BF3240703D30075DBB6 /* ContentView.swift in Sources */ = {isa = PBXBuildFile; fileRef = 72DE4BF2240703D30075DBB6 /* ContentView.swift */; };
		72DE4BF5240703DA0075DBB6 /* Assets.xcassets in Resources */ = {isa = PBXBuildFile; fileRef = 72DE4BF4240703DA0075DBB6 /* Assets.xcassets */; };
		72DE4BF8240703DA0075DBB6 /* Preview Assets.xcassets in Resources */ = {isa = PBXBuildFile; fileRef = 72DE4BF7240703DA0075DBB6 /* Preview Assets.xcassets */; };
		72F162CD2437AB8E000AE52B /* .gitignore in Resources */ = {isa = PBXBuildFile; fileRef = 72F162CC2437AB8E000AE52B /* .gitignore */; };
		E837A21324588BCB007BB05D /* tutorial.mov in Resources */ = {isa = PBXBuildFile; fileRef = E837A21224588BCB007BB05D /* tutorial.mov */; };
/* End PBXBuildFile section */

/* Begin PBXFileReference section */
		5F287D98243CF31000197A85 /* Sphere_(Shaded).png */ = {isa = PBXFileReference; lastKnownFileType = image.png; path = "Sphere_(Shaded).png"; sourceTree = "<group>"; };
		5F287D9C243CF93500197A85 /* LaunchScreen.storyboard */ = {isa = PBXFileReference; fileEncoding = 4; lastKnownFileType = file.storyboard; path = LaunchScreen.storyboard; sourceTree = "<group>"; };
		724051602434D5B50020D98E /* SpheroController.swift */ = {isa = PBXFileReference; lastKnownFileType = sourcecode.swift; path = SpheroController.swift; sourceTree = "<group>"; };
		724F7AF3242BBD8000AC94AB /* TutorialView.swift */ = {isa = PBXFileReference; lastKnownFileType = sourcecode.swift; path = TutorialView.swift; sourceTree = "<group>"; };
		724F7AF5242BC63700AC94AB /* MainBodyView.swift */ = {isa = PBXFileReference; lastKnownFileType = sourcecode.swift; path = MainBodyView.swift; sourceTree = "<group>"; };
		7258EC8D2408B9FD004DC42C /* BlockRow.swift */ = {isa = PBXFileReference; lastKnownFileType = sourcecode.swift; path = BlockRow.swift; sourceTree = "<group>"; };
		7258EC902408C5E0004DC42C /* blockData.json */ = {isa = PBXFileReference; lastKnownFileType = text.json; path = blockData.json; sourceTree = "<group>"; };
		7258EC922408D3AB004DC42C /* Block.swift */ = {isa = PBXFileReference; lastKnownFileType = sourcecode.swift; path = Block.swift; sourceTree = "<group>"; };
		7258EC952408D75B004DC42C /* Data.swift */ = {isa = PBXFileReference; lastKnownFileType = sourcecode.swift; path = Data.swift; sourceTree = "<group>"; };
		72C26B05242E773E00298C2E /* PickerImage.swift */ = {isa = PBXFileReference; lastKnownFileType = sourcecode.swift; path = PickerImage.swift; sourceTree = "<group>"; };
		72C98B90243E26EC003FD55B /* bad-sound.mp3 */ = {isa = PBXFileReference; lastKnownFileType = audio.mp3; path = "bad-sound.mp3"; sourceTree = "<group>"; };
		72C98B92243E272F003FD55B /* PlaySound.swift */ = {isa = PBXFileReference; lastKnownFileType = sourcecode.swift; path = PlaySound.swift; sourceTree = "<group>"; };
		72C98B94243E2F54003FD55B /* good-sound.mp3 */ = {isa = PBXFileReference; lastKnownFileType = audio.mp3; path = "good-sound.mp3"; sourceTree = "<group>"; };
		72C98B96243E454F003FD55B /* MazesView.swift */ = {isa = PBXFileReference; lastKnownFileType = sourcecode.swift; path = MazesView.swift; sourceTree = "<group>"; };
		72DE4BEB240703D30075DBB6 /* Blocks_X.app */ = {isa = PBXFileReference; explicitFileType = wrapper.application; includeInIndex = 0; path = Blocks_X.app; sourceTree = BUILT_PRODUCTS_DIR; };
		72DE4BEE240703D30075DBB6 /* AppDelegate.swift */ = {isa = PBXFileReference; lastKnownFileType = sourcecode.swift; path = AppDelegate.swift; sourceTree = "<group>"; };
		72DE4BF0240703D30075DBB6 /* SceneDelegate.swift */ = {isa = PBXFileReference; lastKnownFileType = sourcecode.swift; path = SceneDelegate.swift; sourceTree = "<group>"; };
		72DE4BF2240703D30075DBB6 /* ContentView.swift */ = {isa = PBXFileReference; lastKnownFileType = sourcecode.swift; path = ContentView.swift; sourceTree = "<group>"; };
		72DE4BF4240703DA0075DBB6 /* Assets.xcassets */ = {isa = PBXFileReference; lastKnownFileType = folder.assetcatalog; path = Assets.xcassets; sourceTree = "<group>"; };
		72DE4BF7240703DA0075DBB6 /* Preview Assets.xcassets */ = {isa = PBXFileReference; lastKnownFileType = folder.assetcatalog; path = "Preview Assets.xcassets"; sourceTree = "<group>"; };
		72DE4BFC240703DA0075DBB6 /* Info.plist */ = {isa = PBXFileReference; lastKnownFileType = text.plist.xml; path = Info.plist; sourceTree = "<group>"; };
		72F162CC2437AB8E000AE52B /* .gitignore */ = {isa = PBXFileReference; lastKnownFileType = text; path = .gitignore; sourceTree = "<group>"; };
		E837A21224588BCB007BB05D /* tutorial.mov */ = {isa = PBXFileReference; lastKnownFileType = video.quicktime; path = tutorial.mov; sourceTree = "<group>"; };
/* End PBXFileReference section */

/* Begin PBXFrameworksBuildPhase section */
		72DE4BE8240703D30075DBB6 /* Frameworks */ = {
			isa = PBXFrameworksBuildPhase;
			buildActionMask = 2147483647;
			files = (
			);
			runOnlyForDeploymentPostprocessing = 0;
		};
/* End PBXFrameworksBuildPhase section */

/* Begin PBXGroup section */
		7258EC8F2408C530004DC42C /* Resources */ = {
			isa = PBXGroup;
			children = (
				7258EC902408C5E0004DC42C /* blockData.json */,
			);
			path = Resources;
			sourceTree = "<group>";
		};
		7258EC942408D3DF004DC42C /* Models */ = {
			isa = PBXGroup;
			children = (
				7258EC922408D3AB004DC42C /* Block.swift */,
				7258EC952408D75B004DC42C /* Data.swift */,
				72C26B05242E773E00298C2E /* PickerImage.swift */,
			);
			path = Models;
			sourceTree = "<group>";
		};
		72DE4BE2240703D30075DBB6 = {
			isa = PBXGroup;
			children = (
				72F162CC2437AB8E000AE52B /* .gitignore */,
				724051602434D5B50020D98E /* SpheroController.swift */,
				72DE4BED240703D30075DBB6 /* Blocks_X */,
				72DE4BEC240703D30075DBB6 /* Products */,
			);
			sourceTree = "<group>";
		};
		72DE4BEC240703D30075DBB6 /* Products */ = {
			isa = PBXGroup;
			children = (
				72DE4BEB240703D30075DBB6 /* Blocks_X.app */,
			);
			name = Products;
			sourceTree = "<group>";
		};
		72DE4BED240703D30075DBB6 /* Blocks_X */ = {
			isa = PBXGroup;
			children = (
				72C98B90243E26EC003FD55B /* bad-sound.mp3 */,
				72C98B94243E2F54003FD55B /* good-sound.mp3 */,
				72C98B92243E272F003FD55B /* PlaySound.swift */,
				E837A21224588BCB007BB05D /* tutorial.mov */,
				72DE4BEE240703D30075DBB6 /* AppDelegate.swift */,
				72DE4BF0240703D30075DBB6 /* SceneDelegate.swift */,
				72DE4BF2240703D30075DBB6 /* ContentView.swift */,
				72C98B96243E454F003FD55B /* MazesView.swift */,
				724F7AF5242BC63700AC94AB /* MainBodyView.swift */,
				724F7AF3242BBD8000AC94AB /* TutorialView.swift */,
				7258EC8D2408B9FD004DC42C /* BlockRow.swift */,
				5F287D9C243CF93500197A85 /* LaunchScreen.storyboard */,
				7258EC942408D3DF004DC42C /* Models */,
				7258EC8F2408C530004DC42C /* Resources */,
				72DE4BF4240703DA0075DBB6 /* Assets.xcassets */,
				5F287D98243CF31000197A85 /* Sphere_(Shaded).png */,
				72DE4BFC240703DA0075DBB6 /* Info.plist */,
				72DE4BF6240703DA0075DBB6 /* Preview Content */,
			);
			path = Blocks_X;
			sourceTree = "<group>";
		};
		72DE4BF6240703DA0075DBB6 /* Preview Content */ = {
			isa = PBXGroup;
			children = (
				72DE4BF7240703DA0075DBB6 /* Preview Assets.xcassets */,
			);
			path = "Preview Content";
			sourceTree = "<group>";
		};
/* End PBXGroup section */

/* Begin PBXNativeTarget section */
		72DE4BEA240703D30075DBB6 /* Blocks_X */ = {
			isa = PBXNativeTarget;
			buildConfigurationList = 72DE4BFF240703DA0075DBB6 /* Build configuration list for PBXNativeTarget "Blocks_X" */;
			buildPhases = (
				72DE4BE7240703D30075DBB6 /* Sources */,
				72DE4BE8240703D30075DBB6 /* Frameworks */,
				72DE4BE9240703D30075DBB6 /* Resources */,
			);
			buildRules = (
			);
			dependencies = (
			);
			name = Blocks_X;
			productName = Blocks_X;
			productReference = 72DE4BEB240703D30075DBB6 /* Blocks_X.app */;
			productType = "com.apple.product-type.application";
		};
/* End PBXNativeTarget section */

/* Begin PBXProject section */
		72DE4BE3240703D30075DBB6 /* Project object */ = {
			isa = PBXProject;
			attributes = {
				LastSwiftUpdateCheck = 1110;
				LastUpgradeCheck = 1110;
				ORGANIZATIONNAME = COMP523;
				TargetAttributes = {
					72DE4BEA240703D30075DBB6 = {
						CreatedOnToolsVersion = 11.1;
					};
				};
			};
			buildConfigurationList = 72DE4BE6240703D30075DBB6 /* Build configuration list for PBXProject "Blocks_X" */;
			compatibilityVersion = "Xcode 9.3";
			developmentRegion = en;
			hasScannedForEncodings = 0;
			knownRegions = (
				en,
				Base,
			);
			mainGroup = 72DE4BE2240703D30075DBB6;
			productRefGroup = 72DE4BEC240703D30075DBB6 /* Products */;
			projectDirPath = "";
			projectRoot = "";
			targets = (
				72DE4BEA240703D30075DBB6 /* Blocks_X */,
			);
		};
/* End PBXProject section */

/* Begin PBXResourcesBuildPhase section */
		72DE4BE9240703D30075DBB6 /* Resources */ = {
			isa = PBXResourcesBuildPhase;
			buildActionMask = 2147483647;
			files = (
				72C98B91243E26EC003FD55B /* bad-sound.mp3 in Resources */,
				72F162CD2437AB8E000AE52B /* .gitignore in Resources */,
				5F287D99243CF31000197A85 /* Sphere_(Shaded).png in Resources */,
				72DE4BF8240703DA0075DBB6 /* Preview Assets.xcassets in Resources */,
				5F287D9D243CF93500197A85 /* LaunchScreen.storyboard in Resources */,
				72DE4BF5240703DA0075DBB6 /* Assets.xcassets in Resources */,
				72C98B95243E2F54003FD55B /* good-sound.mp3 in Resources */,
				E837A21324588BCB007BB05D /* tutorial.mov in Resources */,
				7258EC912408C5E0004DC42C /* blockData.json in Resources */,
			);
			runOnlyForDeploymentPostprocessing = 0;
		};
/* End PBXResourcesBuildPhase section */

/* Begin PBXSourcesBuildPhase section */
		72DE4BE7240703D30075DBB6 /* Sources */ = {
			isa = PBXSourcesBuildPhase;
			buildActionMask = 2147483647;
			files = (
				7258EC8E2408B9FE004DC42C /* BlockRow.swift in Sources */,
				7258EC962408D75B004DC42C /* Data.swift in Sources */,
				72DE4BEF240703D30075DBB6 /* AppDelegate.swift in Sources */,
				724F7AF6242BC63700AC94AB /* MainBodyView.swift in Sources */,
				72C98B93243E272F003FD55B /* PlaySound.swift in Sources */,
				724F7AF4242BBD8000AC94AB /* TutorialView.swift in Sources */,
				7258EC932408D3AB004DC42C /* Block.swift in Sources */,
				72C26B06242E773E00298C2E /* PickerImage.swift in Sources */,
				72DE4BF1240703D30075DBB6 /* SceneDelegate.swift in Sources */,
				72C98B97243E454F003FD55B /* MazesView.swift in Sources */,
				724051612434D5B50020D98E /* SpheroController.swift in Sources */,
				72DE4BF3240703D30075DBB6 /* ContentView.swift in Sources */,
			);
			runOnlyForDeploymentPostprocessing = 0;
		};
/* End PBXSourcesBuildPhase section */

/* Begin XCBuildConfiguration section */
		72DE4BFD240703DA0075DBB6 /* Debug */ = {
			isa = XCBuildConfiguration;
			buildSettings = {
				ALWAYS_SEARCH_USER_PATHS = NO;
				CLANG_ANALYZER_NONNULL = YES;
				CLANG_ANALYZER_NUMBER_OBJECT_CONVERSION = YES_AGGRESSIVE;
				CLANG_CXX_LANGUAGE_STANDARD = "gnu++14";
				CLANG_CXX_LIBRARY = "libc++";
				CLANG_ENABLE_MODULES = YES;
				CLANG_ENABLE_OBJC_ARC = YES;
				CLANG_ENABLE_OBJC_WEAK = YES;
				CLANG_WARN_BLOCK_CAPTURE_AUTORELEASING = YES;
				CLANG_WARN_BOOL_CONVERSION = YES;
				CLANG_WARN_COMMA = YES;
				CLANG_WARN_CONSTANT_CONVERSION = YES;
				CLANG_WARN_DEPRECATED_OBJC_IMPLEMENTATIONS = YES;
				CLANG_WARN_DIRECT_OBJC_ISA_USAGE = YES_ERROR;
				CLANG_WARN_DOCUMENTATION_COMMENTS = YES;
				CLANG_WARN_EMPTY_BODY = YES;
				CLANG_WARN_ENUM_CONVERSION = YES;
				CLANG_WARN_INFINITE_RECURSION = YES;
				CLANG_WARN_INT_CONVERSION = YES;
				CLANG_WARN_NON_LITERAL_NULL_CONVERSION = YES;
				CLANG_WARN_OBJC_IMPLICIT_RETAIN_SELF = YES;
				CLANG_WARN_OBJC_LITERAL_CONVERSION = YES;
				CLANG_WARN_OBJC_ROOT_CLASS = YES_ERROR;
				CLANG_WARN_RANGE_LOOP_ANALYSIS = YES;
				CLANG_WARN_STRICT_PROTOTYPES = YES;
				CLANG_WARN_SUSPICIOUS_MOVE = YES;
				CLANG_WARN_UNGUARDED_AVAILABILITY = YES_AGGRESSIVE;
				CLANG_WARN_UNREACHABLE_CODE = YES;
				CLANG_WARN__DUPLICATE_METHOD_MATCH = YES;
				COPY_PHASE_STRIP = NO;
				DEBUG_INFORMATION_FORMAT = dwarf;
				ENABLE_STRICT_OBJC_MSGSEND = YES;
				ENABLE_TESTABILITY = YES;
				GCC_C_LANGUAGE_STANDARD = gnu11;
				GCC_DYNAMIC_NO_PIC = NO;
				GCC_NO_COMMON_BLOCKS = YES;
				GCC_OPTIMIZATION_LEVEL = 0;
				GCC_PREPROCESSOR_DEFINITIONS = (
					"DEBUG=1",
					"$(inherited)",
				);
				GCC_WARN_64_TO_32_BIT_CONVERSION = YES;
				GCC_WARN_ABOUT_RETURN_TYPE = YES_ERROR;
				GCC_WARN_UNDECLARED_SELECTOR = YES;
				GCC_WARN_UNINITIALIZED_AUTOS = YES_AGGRESSIVE;
				GCC_WARN_UNUSED_FUNCTION = YES;
				GCC_WARN_UNUSED_VARIABLE = YES;
				IPHONEOS_DEPLOYMENT_TARGET = 13.1;
				MTL_ENABLE_DEBUG_INFO = INCLUDE_SOURCE;
				MTL_FAST_MATH = YES;
				ONLY_ACTIVE_ARCH = YES;
				SDKROOT = iphoneos;
				SWIFT_ACTIVE_COMPILATION_CONDITIONS = DEBUG;
				SWIFT_OPTIMIZATION_LEVEL = "-Onone";
			};
			name = Debug;
		};
		72DE4BFE240703DA0075DBB6 /* Release */ = {
			isa = XCBuildConfiguration;
			buildSettings = {
				ALWAYS_SEARCH_USER_PATHS = NO;
				CLANG_ANALYZER_NONNULL = YES;
				CLANG_ANALYZER_NUMBER_OBJECT_CONVERSION = YES_AGGRESSIVE;
				CLANG_CXX_LANGUAGE_STANDARD = "gnu++14";
				CLANG_CXX_LIBRARY = "libc++";
				CLANG_ENABLE_MODULES = YES;
				CLANG_ENABLE_OBJC_ARC = YES;
				CLANG_ENABLE_OBJC_WEAK = YES;
				CLANG_WARN_BLOCK_CAPTURE_AUTORELEASING = YES;
				CLANG_WARN_BOOL_CONVERSION = YES;
				CLANG_WARN_COMMA = YES;
				CLANG_WARN_CONSTANT_CONVERSION = YES;
				CLANG_WARN_DEPRECATED_OBJC_IMPLEMENTATIONS = YES;
				CLANG_WARN_DIRECT_OBJC_ISA_USAGE = YES_ERROR;
				CLANG_WARN_DOCUMENTATION_COMMENTS = YES;
				CLANG_WARN_EMPTY_BODY = YES;
				CLANG_WARN_ENUM_CONVERSION = YES;
				CLANG_WARN_INFINITE_RECURSION = YES;
				CLANG_WARN_INT_CONVERSION = YES;
				CLANG_WARN_NON_LITERAL_NULL_CONVERSION = YES;
				CLANG_WARN_OBJC_IMPLICIT_RETAIN_SELF = YES;
				CLANG_WARN_OBJC_LITERAL_CONVERSION = YES;
				CLANG_WARN_OBJC_ROOT_CLASS = YES_ERROR;
				CLANG_WARN_RANGE_LOOP_ANALYSIS = YES;
				CLANG_WARN_STRICT_PROTOTYPES = YES;
				CLANG_WARN_SUSPICIOUS_MOVE = YES;
				CLANG_WARN_UNGUARDED_AVAILABILITY = YES_AGGRESSIVE;
				CLANG_WARN_UNREACHABLE_CODE = YES;
				CLANG_WARN__DUPLICATE_METHOD_MATCH = YES;
				COPY_PHASE_STRIP = NO;
				DEBUG_INFORMATION_FORMAT = "dwarf-with-dsym";
				ENABLE_NS_ASSERTIONS = NO;
				ENABLE_STRICT_OBJC_MSGSEND = YES;
				GCC_C_LANGUAGE_STANDARD = gnu11;
				GCC_NO_COMMON_BLOCKS = YES;
				GCC_WARN_64_TO_32_BIT_CONVERSION = YES;
				GCC_WARN_ABOUT_RETURN_TYPE = YES_ERROR;
				GCC_WARN_UNDECLARED_SELECTOR = YES;
				GCC_WARN_UNINITIALIZED_AUTOS = YES_AGGRESSIVE;
				GCC_WARN_UNUSED_FUNCTION = YES;
				GCC_WARN_UNUSED_VARIABLE = YES;
				IPHONEOS_DEPLOYMENT_TARGET = 13.1;
				MTL_ENABLE_DEBUG_INFO = NO;
				MTL_FAST_MATH = YES;
				SDKROOT = iphoneos;
				SWIFT_COMPILATION_MODE = wholemodule;
				SWIFT_OPTIMIZATION_LEVEL = "-O";
				VALIDATE_PRODUCT = YES;
			};
			name = Release;
		};
		72DE4C00240703DA0075DBB6 /* Debug */ = {
			isa = XCBuildConfiguration;
			buildSettings = {
				ASSETCATALOG_COMPILER_APPICON_NAME = "AppIcon-1";
				CODE_SIGN_IDENTITY = "Apple Development";
				CODE_SIGN_STYLE = Automatic;
				DEVELOPMENT_ASSET_PATHS = "\"Blocks_X/Preview Content\"";
				DEVELOPMENT_TEAM = BFZYMS7L7S;
				ENABLE_PREVIEWS = YES;
				INFOPLIST_FILE = Blocks_X/Info.plist;
				LD_RUNPATH_SEARCH_PATHS = (
					"$(inherited)",
					"@executable_path/Frameworks",
				);
				MARKETING_VERSION = 1.2;
				PRODUCT_BUNDLE_IDENTIFIER = "edu.unc.cs.comp523.s20.Blocks-X";
				PRODUCT_NAME = "$(TARGET_NAME)";
				PROVISIONING_PROFILE_SPECIFIER = "";
				SWIFT_VERSION = 5.0;
				TARGETED_DEVICE_FAMILY = "1,2";
			};
			name = Debug;
		};
		72DE4C01240703DA0075DBB6 /* Release */ = {
			isa = XCBuildConfiguration;
			buildSettings = {
				ASSETCATALOG_COMPILER_APPICON_NAME = "AppIcon-1";
				CODE_SIGN_IDENTITY = "Apple Development";
				CODE_SIGN_STYLE = Automatic;
				DEVELOPMENT_ASSET_PATHS = "\"Blocks_X/Preview Content\"";
				DEVELOPMENT_TEAM = BFZYMS7L7S;
				ENABLE_PREVIEWS = YES;
				INFOPLIST_FILE = Blocks_X/Info.plist;
				LD_RUNPATH_SEARCH_PATHS = (
					"$(inherited)",
					"@executable_path/Frameworks",
				);
				MARKETING_VERSION = 1.2;
				PRODUCT_BUNDLE_IDENTIFIER = "edu.unc.cs.comp523.s20.Blocks-X";
				PRODUCT_NAME = "$(TARGET_NAME)";
				PROVISIONING_PROFILE_SPECIFIER = "";
				SWIFT_VERSION = 5.0;
				TARGETED_DEVICE_FAMILY = "1,2";
			};
			name = Release;
		};
/* End XCBuildConfiguration section */

/* Begin XCConfigurationList section */
		72DE4BE6240703D30075DBB6 /* Build configuration list for PBXProject "Blocks_X" */ = {
			isa = XCConfigurationList;
			buildConfigurations = (
				72DE4BFD240703DA0075DBB6 /* Debug */,
				72DE4BFE240703DA0075DBB6 /* Release */,
			);
			defaultConfigurationIsVisible = 0;
			defaultConfigurationName = Release;
		};
		72DE4BFF240703DA0075DBB6 /* Build configuration list for PBXNativeTarget "Blocks_X" */ = {
			isa = XCConfigurationList;
			buildConfigurations = (
				72DE4C00240703DA0075DBB6 /* Debug */,
				72DE4C01240703DA0075DBB6 /* Release */,
			);
			defaultConfigurationIsVisible = 0;
			defaultConfigurationName = Release;
		};
/* End XCConfigurationList section */
	};
	rootObject = 72DE4BE3240703D30075DBB6 /* Project object */;
}
